
Microsoft Visual Studio Solution File, Format Version 12.00
# Visual Studio Version 16
VisualStudioVersion = 16.0.30804.86
MinimumVisualStudioVersion = 10.0.40219.1
Project("{8BC9CEB8-8B4A-11D0-8D11-00A0C91BC942}") = "BvnBuoi2", "BvnBuoi2\BvnBuoi2.vcxproj", "{E26223C1-06BC-43F9-A449-F95A14F70A5A}"
EndProject
Global
	GlobalSection(SolutionConfigurationPlatforms) = preSolution
		Debug|x64 = Debug|x64
		Debug|x86 = Debug|x86
		Release|x64 = Release|x64
		Release|x86 = Release|x86
	EndGlobalSection
	GlobalSection(ProjectConfigurationPlatforms) = postSolution
		{E26223C1-06BC-43F9-A449-F95A14F70A5A}.Debug|x64.ActiveCfg = Debug|x64
		{E26223C1-06BC-43F9-A449-F95A14F70A5A}.Debug|x64.Build.0 = Debug|x64
		{E26223C1-06BC-43F9-A449-F95A14F70A5A}.Debug|x86.ActiveCfg = Debug|Win32
		{E26223C1-06BC-43F9-A449-F95A14F70A5A}.Debug|x86.Build.0 = Debug|Win32
		{E26223C1-06BC-43F9-A449-F95A14F70A5A}.Release|x64.ActiveCfg = Release|x64
		{E26223C1-06BC-43F9-A449-F95A14F70A5A}.Release|x64.Build.0 = Release|x64
		{E26223C1-06BC-43F9-A449-F95A14F70A5A}.Release|x86.ActiveCfg = Release|Win32
		{E26223C1-06BC-43F9-A449-F95A14F70A5A}.Release|x86.Build.0 = Release|Win32
	EndGlobalSection
	GlobalSection(SolutionProperties) = preSolution
		HideSolutionNode = FALSE
	EndGlobalSection
	GlobalSection(ExtensibilityGlobals) = postSolution
		SolutionGuid = {A0EC11A5-6115-4611-98B7-D67FD71877FA}
	EndGlobalSection
EndGlobal
